
Microsoft Visual Studio Solution File, Format Version 12.00
# Visual Studio Version 17
VisualStudioVersion = 17.7.34024.191
MinimumVisualStudioVersion = 10.0.40219.1
Project("{9A19103F-16F7-4668-BE54-9A1E7A4F7556}") = "02_StaticAndInstanceClassMember", "02_StaticAndInstanceClassMemberExample\02_StaticAndInstanceClassMember.csproj", "{1CFCE90E-7DFC-4214-BFC7-D90A135FE9E5}"
EndProject
Project("{9A19103F-16F7-4668-BE54-9A1E7A4F7556}") = "01_IntroductionToClasses", "01_IntroductionToClasses\01_IntroductionToClasses.csproj", "{E57561E2-C852-4DD1-8E07-04AFFF8B1477}"
EndProject
Project("{9A19103F-16F7-4668-BE54-9A1E7A4F7556}") = "03_Inheritance", "03_Inheritance\03_Inheritance.csproj", "{5A91935C-1FED-466C-8A6B-FBBF1CAAD8E2}"
EndProject
Project("{9A19103F-16F7-4668-BE54-9A1E7A4F7556}") = "04_MethodHiding", "04_MethodHiding\04_MethodHiding.csproj", "{C2CEEC8A-0ED3-4F65-A409-57183277DC54}"
EndProject
Project("{9A19103F-16F7-4668-BE54-9A1E7A4F7556}") = "05_Polymorphism", "05_Polymorphism\05_Polymorphism.csproj", "{ECC567C5-1688-48A3-B3B5-E05F552F8F0E}"
EndProject
Project("{9A19103F-16F7-4668-BE54-9A1E7A4F7556}") = "06_Method_Overloading", "06_Method_Overloading\06_Method_Overloading.csproj", "{EF5D81AD-980C-47B5-85DB-AAD84A18A4CE}"
EndProject
Project("{9A19103F-16F7-4668-BE54-9A1E7A4F7556}") = "07_01_Properties", "07_Properties\07_01_Properties.csproj", "{770C6B14-B276-45CD-91B1-78BCA9206117}"
EndProject
Project("{9A19103F-16F7-4668-BE54-9A1E7A4F7556}") = "07_02_Properties_Enhancement", "07_02_Properties_Enhancement\07_02_Properties_Enhancement.csproj", "{63DEF617-FCAB-46C5-B463-ED97A91ABB31}"
EndProject
Project("{9A19103F-16F7-4668-BE54-9A1E7A4F7556}") = "08_Structs", "08_Structs\08_Structs.csproj", "{0352EDCF-5622-475E-8321-50C2527CFFBF}"
EndProject
Project("{9A19103F-16F7-4668-BE54-9A1E7A4F7556}") = "09_Structs_VS_Classes", "09_Structs_VS_Classes\09_Structs_VS_Classes.csproj", "{2170714A-43F3-42FE-9E45-5CCD5C6380C1}"
EndProject
Project("{9A19103F-16F7-4668-BE54-9A1E7A4F7556}") = "10_Interfaces", "10_Interfaces\10_Interfaces.csproj", "{559B66F6-2C92-4B4C-AF3D-E639306C07BC}"
EndProject
Project("{9A19103F-16F7-4668-BE54-9A1E7A4F7556}") = "11_Explicit_Interfaces", "11_Explicit_Interfaces\11_Explicit_Interfaces.csproj", "{4CCC4550-4529-46BF-83F6-05E6002C23B4}"
EndProject
Project("{9A19103F-16F7-4668-BE54-9A1E7A4F7556}") = "12_Abstract_Class", "12_Abstract_Class\12_Abstract_Class.csproj", "{61969779-D027-4C85-827E-91C85A659196}"
EndProject
Project("{9A19103F-16F7-4668-BE54-9A1E7A4F7556}") = "13_Multiple_Class_Inheritance_Using_Interfaces", "13_Multiple_Class_Inheritance_Using_Interfaces\13_Multiple_Class_Inheritance_Using_Interfaces.csproj", "{7822F0E4-4D81-4C6D-AFE4-848772C358B4}"
EndProject
Project("{9A19103F-16F7-4668-BE54-9A1E7A4F7556}") = "14_Basic_Concept_Delegates", "14_Delegates\14_Basic_Concept_Delegates.csproj", "{562FD1D5-FA8A-4C4C-A4D2-714A4FA0BC7D}"
EndProject
Project("{9A19103F-16F7-4668-BE54-9A1E7A4F7556}") = "15_Delegate_Usages_Examples", "15_Delegate_Usages_Examples\15_Delegate_Usages_Examples.csproj", "{A9D9B83D-AD0F-4526-B638-69CDC80066E2}"
EndProject
Project("{9A19103F-16F7-4668-BE54-9A1E7A4F7556}") = "16_Multi_Cast_Delegates", "16_Multi_Cast_Delegates\16_Multi_Cast_Delegates.csproj", "{091B0E2E-BB77-40B2-A6C9-99DF964A5E91}"
EndProject
Project("{9A19103F-16F7-4668-BE54-9A1E7A4F7556}") = "45_47_Enums", "45_47_Enums\45_47_Enums.csproj", "{4B2E8123-EF87-4ED3-825C-F07D64B9545E}"
EndProject
Project("{9A19103F-16F7-4668-BE54-9A1E7A4F7556}") = "48_Types_Vs_TypesMember", "48_Types_Vs_TypesMember\48_Types_Vs_TypesMember.csproj", "{EA40CCA8-7325-418A-A560-AEA05CE88FE5}"
EndProject
Project("{9A19103F-16F7-4668-BE54-9A1E7A4F7556}") = "49_Access_Modifiers", "49_Access_Modifiers\49_Access_Modifiers.csproj", "{26A5BE61-D27F-4538-953B-3714CD43790A}"
EndProject
Project("{9A19103F-16F7-4668-BE54-9A1E7A4F7556}") = "53_Reflection", "53_Reflection\53_Reflection.csproj", "{F2FEFDDB-DD9B-4C84-9642-360A16C5E03E}"
EndProject
Project("{9A19103F-16F7-4668-BE54-9A1E7A4F7556}") = "56_Generics", "55_Generics\56_Generics.csproj", "{19E34E6C-94F2-40F5-B469-E10A71D02F50}"
EndProject
Project("{9A19103F-16F7-4668-BE54-9A1E7A4F7556}") = "61_Partial_Classes", "61_Partial_Classes\61_Partial_Classes.csproj", "{FDC71329-DF18-4C9A-8659-C1E4D55A3068}"
EndProject
Project("{9A19103F-16F7-4668-BE54-9A1E7A4F7556}") = "64_65_66_Indexers", "64_65_66_Indexers\64_65_66_Indexers.csproj", "{353AD2EC-9A89-4A96-B612-77CA6F084A72}"
EndProject
Project("{9A19103F-16F7-4668-BE54-9A1E7A4F7556}") = "67_68_69_70_Optional_Parameter", "67_68_69_70_Optional_Parameter\67_68_69_70_Optional_Parameter.csproj", "{6112CDB3-4724-419A-A539-8FCA7E6ECE7F}"
EndProject
Project("{9A19103F-16F7-4668-BE54-9A1E7A4F7556}") = "72_73_Dictionary", "72_73_Dictionary\72_73_Dictionary.csproj", "{F42C3C26-A76F-4968-8A46-5D6780B0FBDD}"
EndProject
Project("{9A19103F-16F7-4668-BE54-9A1E7A4F7556}") = "74_List_Collection_Part_1", "73_74_List_Collection\74_List_Collection_Part_1.csproj", "{968419E4-C4A1-4FCA-8DCE-78BAEC751E01}"
EndProject
Project("{9A19103F-16F7-4668-BE54-9A1E7A4F7556}") = "75_List_Collection_Part_2", "74_List_Collection_Part_2\75_List_Collection_Part_2.csproj", "{A9254CAB-A36B-41E4-A368-785B6ADA45D0}"
EndProject
Project("{9A19103F-16F7-4668-BE54-9A1E7A4F7556}") = "76_Generic_List_Class_And_Ranges", "75_Generic_List_Class_And_Ranges\76_Generic_List_Class_And_Ranges.csproj", "{A77D77E3-052D-458A-963F-E1450BEB273F}"
EndProject
Project("{9A19103F-16F7-4668-BE54-9A1E7A4F7556}") = "77_Sort_a_list_of_simple_types", "77_Sort_a_list_of_simple_types\77_Sort_a_list_of_simple_types.csproj", "{DB60C7C5-149C-4DF5-898E-50F72E05D58F}"
EndProject
Project("{9A19103F-16F7-4668-BE54-9A1E7A4F7556}") = "78_Sort_a_list_of_complex_types", "78_Sort_a_list_of_complex_types\78_Sort_a_list_of_complex_types.csproj", "{6F94AF5E-4A69-4308-8489-EE320C492A67}"
EndProject
Project("{9A19103F-16F7-4668-BE54-9A1E7A4F7556}") = "79_Sort_a_list_of_complex_types_using_Comparison_delegate", "79_Sort_a_list_of_complex_types_using_Comparison_delegate\79_Sort_a_list_of_complex_types_using_Comparison_delegate.csproj", "{7DEDDD18-64A2-4958-8808-480DEE973569}"
EndProject
Project("{9A19103F-16F7-4668-BE54-9A1E7A4F7556}") = "80_useful_methods_of_List_collection_class", "80_useful_methods_of_List_collection_class\80_useful_methods_of_List_collection_class.csproj", "{FF0AC198-DB30-4458-9F69-2042402DE825}"
EndProject
Project("{9A19103F-16F7-4668-BE54-9A1E7A4F7556}") = "82_Generic_Queue_Collection_Class", "81_Generic_Queue_Collection_Class\82_Generic_Queue_Collection_Class.csproj", "{20AC8A9D-30B0-4D9A-B9B2-1F611DD5FB89}"
EndProject
Project("{9A19103F-16F7-4668-BE54-9A1E7A4F7556}") = "83_Generic_Stack_Collection_Class", "82_Generic_Stack_Collection_Class\83_Generic_Stack_Collection_Class.csproj", "{235519E8-5FC0-45B5-BD1C-194DDAAC5FB7}"
EndProject
Project("{9A19103F-16F7-4668-BE54-9A1E7A4F7556}") = "88_ThreadStart_delegate", "88_ThreadStart_delegate\88_ThreadStart_delegate.csproj", "{BA1A7A34-89FD-45AD-B52C-D72339FA6E88}"
EndProject
Project("{9A19103F-16F7-4668-BE54-9A1E7A4F7556}") = "89_ParameterizedThreadStart_delegate", "89_ParameterizedThreadStart_delegate\89_ParameterizedThreadStart_delegate.csproj", "{191ECF68-04CB-4599-A94D-6A545A56217C}"
EndProject
Project("{9A19103F-16F7-4668-BE54-9A1E7A4F7556}") = "90_ Passing_data_to_the_Thread_function_in_a_type_safe_manner", "90_ Passing_data_to_the_Thread_function_in_a_type_safe_manner\90_ Passing_data_to_the_Thread_function_in_a_type_safe_manner.csproj", "{ABEBEAF9-C294-4158-B600-955CB89EDE29}"
EndProject
Project("{FAE04EC0-301F-11D3-BF4B-00C04F79EFBC}") = "91_Thread_function_using_callback_method", "91_Thread_function_using_callback_method\91_Thread_function_using_callback_method.csproj", "{0DEA1931-2B70-46FC-9CE9-9B2672CBAB4F}"
EndProject
Project("{FAE04EC0-301F-11D3-BF4B-00C04F79EFBC}") = "92_Significance_of_ThreadJoin_and_ThreadIsAlive_functions", "93_Significance_of_ThreadJoin_and_ThreadIsAlive_functions\92_Significance_of_ThreadJoin_and_ThreadIsAlive_functions.csproj", "{251A29E4-A573-43E1-AE0A-C87E0D1B646C}"
EndProject
Global
	GlobalSection(SolutionConfigurationPlatforms) = preSolution
		Debug|Any CPU = Debug|Any CPU
		Release|Any CPU = Release|Any CPU
	EndGlobalSection
	GlobalSection(ProjectConfigurationPlatforms) = postSolution
		{1CFCE90E-7DFC-4214-BFC7-D90A135FE9E5}.Debug|Any CPU.ActiveCfg = Debug|Any CPU
		{1CFCE90E-7DFC-4214-BFC7-D90A135FE9E5}.Debug|Any CPU.Build.0 = Debug|Any CPU
		{1CFCE90E-7DFC-4214-BFC7-D90A135FE9E5}.Release|Any CPU.ActiveCfg = Release|Any CPU
		{1CFCE90E-7DFC-4214-BFC7-D90A135FE9E5}.Release|Any CPU.Build.0 = Release|Any CPU
		{E57561E2-C852-4DD1-8E07-04AFFF8B1477}.Debug|Any CPU.ActiveCfg = Debug|Any CPU
		{E57561E2-C852-4DD1-8E07-04AFFF8B1477}.Debug|Any CPU.Build.0 = Debug|Any CPU
		{E57561E2-C852-4DD1-8E07-04AFFF8B1477}.Release|Any CPU.ActiveCfg = Release|Any CPU
		{E57561E2-C852-4DD1-8E07-04AFFF8B1477}.Release|Any CPU.Build.0 = Release|Any CPU
		{5A91935C-1FED-466C-8A6B-FBBF1CAAD8E2}.Debug|Any CPU.ActiveCfg = Debug|Any CPU
		{5A91935C-1FED-466C-8A6B-FBBF1CAAD8E2}.Debug|Any CPU.Build.0 = Debug|Any CPU
		{5A91935C-1FED-466C-8A6B-FBBF1CAAD8E2}.Release|Any CPU.ActiveCfg = Release|Any CPU
		{5A91935C-1FED-466C-8A6B-FBBF1CAAD8E2}.Release|Any CPU.Build.0 = Release|Any CPU
		{C2CEEC8A-0ED3-4F65-A409-57183277DC54}.Debug|Any CPU.ActiveCfg = Debug|Any CPU
		{C2CEEC8A-0ED3-4F65-A409-57183277DC54}.Debug|Any CPU.Build.0 = Debug|Any CPU
		{C2CEEC8A-0ED3-4F65-A409-57183277DC54}.Release|Any CPU.ActiveCfg = Release|Any CPU
		{C2CEEC8A-0ED3-4F65-A409-57183277DC54}.Release|Any CPU.Build.0 = Release|Any CPU
		{ECC567C5-1688-48A3-B3B5-E05F552F8F0E}.Debug|Any CPU.ActiveCfg = Debug|Any CPU
		{ECC567C5-1688-48A3-B3B5-E05F552F8F0E}.Debug|Any CPU.Build.0 = Debug|Any CPU
		{ECC567C5-1688-48A3-B3B5-E05F552F8F0E}.Release|Any CPU.ActiveCfg = Release|Any CPU
		{ECC567C5-1688-48A3-B3B5-E05F552F8F0E}.Release|Any CPU.Build.0 = Release|Any CPU
		{EF5D81AD-980C-47B5-85DB-AAD84A18A4CE}.Debug|Any CPU.ActiveCfg = Debug|Any CPU
		{EF5D81AD-980C-47B5-85DB-AAD84A18A4CE}.Debug|Any CPU.Build.0 = Debug|Any CPU
		{EF5D81AD-980C-47B5-85DB-AAD84A18A4CE}.Release|Any CPU.ActiveCfg = Release|Any CPU
		{EF5D81AD-980C-47B5-85DB-AAD84A18A4CE}.Release|Any CPU.Build.0 = Release|Any CPU
		{770C6B14-B276-45CD-91B1-78BCA9206117}.Debug|Any CPU.ActiveCfg = Debug|Any CPU
		{770C6B14-B276-45CD-91B1-78BCA9206117}.Debug|Any CPU.Build.0 = Debug|Any CPU
		{770C6B14-B276-45CD-91B1-78BCA9206117}.Release|Any CPU.ActiveCfg = Release|Any CPU
		{770C6B14-B276-45CD-91B1-78BCA9206117}.Release|Any CPU.Build.0 = Release|Any CPU
		{63DEF617-FCAB-46C5-B463-ED97A91ABB31}.Debug|Any CPU.ActiveCfg = Debug|Any CPU
		{63DEF617-FCAB-46C5-B463-ED97A91ABB31}.Debug|Any CPU.Build.0 = Debug|Any CPU
		{63DEF617-FCAB-46C5-B463-ED97A91ABB31}.Release|Any CPU.ActiveCfg = Release|Any CPU
		{63DEF617-FCAB-46C5-B463-ED97A91ABB31}.Release|Any CPU.Build.0 = Release|Any CPU
		{0352EDCF-5622-475E-8321-50C2527CFFBF}.Debug|Any CPU.ActiveCfg = Debug|Any CPU
		{0352EDCF-5622-475E-8321-50C2527CFFBF}.Debug|Any CPU.Build.0 = Debug|Any CPU
		{0352EDCF-5622-475E-8321-50C2527CFFBF}.Release|Any CPU.ActiveCfg = Release|Any CPU
		{0352EDCF-5622-475E-8321-50C2527CFFBF}.Release|Any CPU.Build.0 = Release|Any CPU
		{2170714A-43F3-42FE-9E45-5CCD5C6380C1}.Debug|Any CPU.ActiveCfg = Debug|Any CPU
		{2170714A-43F3-42FE-9E45-5CCD5C6380C1}.Debug|Any CPU.Build.0 = Debug|Any CPU
		{2170714A-43F3-42FE-9E45-5CCD5C6380C1}.Release|Any CPU.ActiveCfg = Release|Any CPU
		{2170714A-43F3-42FE-9E45-5CCD5C6380C1}.Release|Any CPU.Build.0 = Release|Any CPU
		{559B66F6-2C92-4B4C-AF3D-E639306C07BC}.Debug|Any CPU.ActiveCfg = Debug|Any CPU
		{559B66F6-2C92-4B4C-AF3D-E639306C07BC}.Debug|Any CPU.Build.0 = Debug|Any CPU
		{559B66F6-2C92-4B4C-AF3D-E639306C07BC}.Release|Any CPU.ActiveCfg = Release|Any CPU
		{559B66F6-2C92-4B4C-AF3D-E639306C07BC}.Release|Any CPU.Build.0 = Release|Any CPU
		{4CCC4550-4529-46BF-83F6-05E6002C23B4}.Debug|Any CPU.ActiveCfg = Debug|Any CPU
		{4CCC4550-4529-46BF-83F6-05E6002C23B4}.Debug|Any CPU.Build.0 = Debug|Any CPU
		{4CCC4550-4529-46BF-83F6-05E6002C23B4}.Release|Any CPU.ActiveCfg = Release|Any CPU
		{4CCC4550-4529-46BF-83F6-05E6002C23B4}.Release|Any CPU.Build.0 = Release|Any CPU
		{61969779-D027-4C85-827E-91C85A659196}.Debug|Any CPU.ActiveCfg = Debug|Any CPU
		{61969779-D027-4C85-827E-91C85A659196}.Debug|Any CPU.Build.0 = Debug|Any CPU
		{61969779-D027-4C85-827E-91C85A659196}.Release|Any CPU.ActiveCfg = Release|Any CPU
		{61969779-D027-4C85-827E-91C85A659196}.Release|Any CPU.Build.0 = Release|Any CPU
		{7822F0E4-4D81-4C6D-AFE4-848772C358B4}.Debug|Any CPU.ActiveCfg = Debug|Any CPU
		{7822F0E4-4D81-4C6D-AFE4-848772C358B4}.Debug|Any CPU.Build.0 = Debug|Any CPU
		{7822F0E4-4D81-4C6D-AFE4-848772C358B4}.Release|Any CPU.ActiveCfg = Release|Any CPU
		{7822F0E4-4D81-4C6D-AFE4-848772C358B4}.Release|Any CPU.Build.0 = Release|Any CPU
		{562FD1D5-FA8A-4C4C-A4D2-714A4FA0BC7D}.Debug|Any CPU.ActiveCfg = Debug|Any CPU
		{562FD1D5-FA8A-4C4C-A4D2-714A4FA0BC7D}.Debug|Any CPU.Build.0 = Debug|Any CPU
		{562FD1D5-FA8A-4C4C-A4D2-714A4FA0BC7D}.Release|Any CPU.ActiveCfg = Release|Any CPU
		{562FD1D5-FA8A-4C4C-A4D2-714A4FA0BC7D}.Release|Any CPU.Build.0 = Release|Any CPU
		{A9D9B83D-AD0F-4526-B638-69CDC80066E2}.Debug|Any CPU.ActiveCfg = Debug|Any CPU
		{A9D9B83D-AD0F-4526-B638-69CDC80066E2}.Debug|Any CPU.Build.0 = Debug|Any CPU
		{A9D9B83D-AD0F-4526-B638-69CDC80066E2}.Release|Any CPU.ActiveCfg = Release|Any CPU
		{A9D9B83D-AD0F-4526-B638-69CDC80066E2}.Release|Any CPU.Build.0 = Release|Any CPU
		{091B0E2E-BB77-40B2-A6C9-99DF964A5E91}.Debug|Any CPU.ActiveCfg = Debug|Any CPU
		{091B0E2E-BB77-40B2-A6C9-99DF964A5E91}.Debug|Any CPU.Build.0 = Debug|Any CPU
		{091B0E2E-BB77-40B2-A6C9-99DF964A5E91}.Release|Any CPU.ActiveCfg = Release|Any CPU
		{091B0E2E-BB77-40B2-A6C9-99DF964A5E91}.Release|Any CPU.Build.0 = Release|Any CPU
		{4B2E8123-EF87-4ED3-825C-F07D64B9545E}.Debug|Any CPU.ActiveCfg = Debug|Any CPU
		{4B2E8123-EF87-4ED3-825C-F07D64B9545E}.Debug|Any CPU.Build.0 = Debug|Any CPU
		{4B2E8123-EF87-4ED3-825C-F07D64B9545E}.Release|Any CPU.ActiveCfg = Release|Any CPU
		{4B2E8123-EF87-4ED3-825C-F07D64B9545E}.Release|Any CPU.Build.0 = Release|Any CPU
		{EA40CCA8-7325-418A-A560-AEA05CE88FE5}.Debug|Any CPU.ActiveCfg = Debug|Any CPU
		{EA40CCA8-7325-418A-A560-AEA05CE88FE5}.Debug|Any CPU.Build.0 = Debug|Any CPU
		{EA40CCA8-7325-418A-A560-AEA05CE88FE5}.Release|Any CPU.ActiveCfg = Release|Any CPU
		{EA40CCA8-7325-418A-A560-AEA05CE88FE5}.Release|Any CPU.Build.0 = Release|Any CPU
		{26A5BE61-D27F-4538-953B-3714CD43790A}.Debug|Any CPU.ActiveCfg = Debug|Any CPU
		{26A5BE61-D27F-4538-953B-3714CD43790A}.Debug|Any CPU.Build.0 = Debug|Any CPU
		{26A5BE61-D27F-4538-953B-3714CD43790A}.Release|Any CPU.ActiveCfg = Release|Any CPU
		{26A5BE61-D27F-4538-953B-3714CD43790A}.Release|Any CPU.Build.0 = Release|Any CPU
		{F2FEFDDB-DD9B-4C84-9642-360A16C5E03E}.Debug|Any CPU.ActiveCfg = Debug|Any CPU
		{F2FEFDDB-DD9B-4C84-9642-360A16C5E03E}.Debug|Any CPU.Build.0 = Debug|Any CPU
		{F2FEFDDB-DD9B-4C84-9642-360A16C5E03E}.Release|Any CPU.ActiveCfg = Release|Any CPU
		{F2FEFDDB-DD9B-4C84-9642-360A16C5E03E}.Release|Any CPU.Build.0 = Release|Any CPU
		{19E34E6C-94F2-40F5-B469-E10A71D02F50}.Debug|Any CPU.ActiveCfg = Debug|Any CPU
		{19E34E6C-94F2-40F5-B469-E10A71D02F50}.Debug|Any CPU.Build.0 = Debug|Any CPU
		{19E34E6C-94F2-40F5-B469-E10A71D02F50}.Release|Any CPU.ActiveCfg = Release|Any CPU
		{19E34E6C-94F2-40F5-B469-E10A71D02F50}.Release|Any CPU.Build.0 = Release|Any CPU
		{FDC71329-DF18-4C9A-8659-C1E4D55A3068}.Debug|Any CPU.ActiveCfg = Debug|Any CPU
		{FDC71329-DF18-4C9A-8659-C1E4D55A3068}.Debug|Any CPU.Build.0 = Debug|Any CPU
		{FDC71329-DF18-4C9A-8659-C1E4D55A3068}.Release|Any CPU.ActiveCfg = Release|Any CPU
		{FDC71329-DF18-4C9A-8659-C1E4D55A3068}.Release|Any CPU.Build.0 = Release|Any CPU
		{353AD2EC-9A89-4A96-B612-77CA6F084A72}.Debug|Any CPU.ActiveCfg = Debug|Any CPU
		{353AD2EC-9A89-4A96-B612-77CA6F084A72}.Debug|Any CPU.Build.0 = Debug|Any CPU
		{353AD2EC-9A89-4A96-B612-77CA6F084A72}.Release|Any CPU.ActiveCfg = Release|Any CPU
		{353AD2EC-9A89-4A96-B612-77CA6F084A72}.Release|Any CPU.Build.0 = Release|Any CPU
		{6112CDB3-4724-419A-A539-8FCA7E6ECE7F}.Debug|Any CPU.ActiveCfg = Debug|Any CPU
		{6112CDB3-4724-419A-A539-8FCA7E6ECE7F}.Debug|Any CPU.Build.0 = Debug|Any CPU
		{6112CDB3-4724-419A-A539-8FCA7E6ECE7F}.Release|Any CPU.ActiveCfg = Release|Any CPU
		{6112CDB3-4724-419A-A539-8FCA7E6ECE7F}.Release|Any CPU.Build.0 = Release|Any CPU
		{F42C3C26-A76F-4968-8A46-5D6780B0FBDD}.Debug|Any CPU.ActiveCfg = Debug|Any CPU
		{F42C3C26-A76F-4968-8A46-5D6780B0FBDD}.Debug|Any CPU.Build.0 = Debug|Any CPU
		{F42C3C26-A76F-4968-8A46-5D6780B0FBDD}.Release|Any CPU.ActiveCfg = Release|Any CPU
		{F42C3C26-A76F-4968-8A46-5D6780B0FBDD}.Release|Any CPU.Build.0 = Release|Any CPU
		{968419E4-C4A1-4FCA-8DCE-78BAEC751E01}.Debug|Any CPU.ActiveCfg = Debug|Any CPU
		{968419E4-C4A1-4FCA-8DCE-78BAEC751E01}.Debug|Any CPU.Build.0 = Debug|Any CPU
		{968419E4-C4A1-4FCA-8DCE-78BAEC751E01}.Release|Any CPU.ActiveCfg = Release|Any CPU
		{968419E4-C4A1-4FCA-8DCE-78BAEC751E01}.Release|Any CPU.Build.0 = Release|Any CPU
		{A9254CAB-A36B-41E4-A368-785B6ADA45D0}.Debug|Any CPU.ActiveCfg = Debug|Any CPU
		{A9254CAB-A36B-41E4-A368-785B6ADA45D0}.Debug|Any CPU.Build.0 = Debug|Any CPU
		{A9254CAB-A36B-41E4-A368-785B6ADA45D0}.Release|Any CPU.ActiveCfg = Release|Any CPU
		{A9254CAB-A36B-41E4-A368-785B6ADA45D0}.Release|Any CPU.Build.0 = Release|Any CPU
		{A77D77E3-052D-458A-963F-E1450BEB273F}.Debug|Any CPU.ActiveCfg = Debug|Any CPU
		{A77D77E3-052D-458A-963F-E1450BEB273F}.Debug|Any CPU.Build.0 = Debug|Any CPU
		{A77D77E3-052D-458A-963F-E1450BEB273F}.Release|Any CPU.ActiveCfg = Release|Any CPU
		{A77D77E3-052D-458A-963F-E1450BEB273F}.Release|Any CPU.Build.0 = Release|Any CPU
		{DB60C7C5-149C-4DF5-898E-50F72E05D58F}.Debug|Any CPU.ActiveCfg = Debug|Any CPU
		{DB60C7C5-149C-4DF5-898E-50F72E05D58F}.Debug|Any CPU.Build.0 = Debug|Any CPU
		{DB60C7C5-149C-4DF5-898E-50F72E05D58F}.Release|Any CPU.ActiveCfg = Release|Any CPU
		{DB60C7C5-149C-4DF5-898E-50F72E05D58F}.Release|Any CPU.Build.0 = Release|Any CPU
		{6F94AF5E-4A69-4308-8489-EE320C492A67}.Debug|Any CPU.ActiveCfg = Debug|Any CPU
		{6F94AF5E-4A69-4308-8489-EE320C492A67}.Debug|Any CPU.Build.0 = Debug|Any CPU
		{6F94AF5E-4A69-4308-8489-EE320C492A67}.Release|Any CPU.ActiveCfg = Release|Any CPU
		{6F94AF5E-4A69-4308-8489-EE320C492A67}.Release|Any CPU.Build.0 = Release|Any CPU
		{7DEDDD18-64A2-4958-8808-480DEE973569}.Debug|Any CPU.ActiveCfg = Debug|Any CPU
		{7DEDDD18-64A2-4958-8808-480DEE973569}.Debug|Any CPU.Build.0 = Debug|Any CPU
		{7DEDDD18-64A2-4958-8808-480DEE973569}.Release|Any CPU.ActiveCfg = Release|Any CPU
		{7DEDDD18-64A2-4958-8808-480DEE973569}.Release|Any CPU.Build.0 = Release|Any CPU
		{FF0AC198-DB30-4458-9F69-2042402DE825}.Debug|Any CPU.ActiveCfg = Debug|Any CPU
		{FF0AC198-DB30-4458-9F69-2042402DE825}.Debug|Any CPU.Build.0 = Debug|Any CPU
		{FF0AC198-DB30-4458-9F69-2042402DE825}.Release|Any CPU.ActiveCfg = Release|Any CPU
		{FF0AC198-DB30-4458-9F69-2042402DE825}.Release|Any CPU.Build.0 = Release|Any CPU
		{20AC8A9D-30B0-4D9A-B9B2-1F611DD5FB89}.Debug|Any CPU.ActiveCfg = Debug|Any CPU
		{20AC8A9D-30B0-4D9A-B9B2-1F611DD5FB89}.Debug|Any CPU.Build.0 = Debug|Any CPU
		{20AC8A9D-30B0-4D9A-B9B2-1F611DD5FB89}.Release|Any CPU.ActiveCfg = Release|Any CPU
		{20AC8A9D-30B0-4D9A-B9B2-1F611DD5FB89}.Release|Any CPU.Build.0 = Release|Any CPU
		{235519E8-5FC0-45B5-BD1C-194DDAAC5FB7}.Debug|Any CPU.ActiveCfg = Debug|Any CPU
		{235519E8-5FC0-45B5-BD1C-194DDAAC5FB7}.Debug|Any CPU.Build.0 = Debug|Any CPU
		{235519E8-5FC0-45B5-BD1C-194DDAAC5FB7}.Release|Any CPU.ActiveCfg = Release|Any CPU
		{235519E8-5FC0-45B5-BD1C-194DDAAC5FB7}.Release|Any CPU.Build.0 = Release|Any CPU
		{BA1A7A34-89FD-45AD-B52C-D72339FA6E88}.Debug|Any CPU.ActiveCfg = Debug|Any CPU
		{BA1A7A34-89FD-45AD-B52C-D72339FA6E88}.Debug|Any CPU.Build.0 = Debug|Any CPU
		{BA1A7A34-89FD-45AD-B52C-D72339FA6E88}.Release|Any CPU.ActiveCfg = Release|Any CPU
		{BA1A7A34-89FD-45AD-B52C-D72339FA6E88}.Release|Any CPU.Build.0 = Release|Any CPU
		{191ECF68-04CB-4599-A94D-6A545A56217C}.Debug|Any CPU.ActiveCfg = Debug|Any CPU
		{191ECF68-04CB-4599-A94D-6A545A56217C}.Debug|Any CPU.Build.0 = Debug|Any CPU
		{191ECF68-04CB-4599-A94D-6A545A56217C}.Release|Any CPU.ActiveCfg = Release|Any CPU
		{191ECF68-04CB-4599-A94D-6A545A56217C}.Release|Any CPU.Build.0 = Release|Any CPU
		{ABEBEAF9-C294-4158-B600-955CB89EDE29}.Debug|Any CPU.ActiveCfg = Debug|Any CPU
		{ABEBEAF9-C294-4158-B600-955CB89EDE29}.Debug|Any CPU.Build.0 = Debug|Any CPU
		{ABEBEAF9-C294-4158-B600-955CB89EDE29}.Release|Any CPU.ActiveCfg = Release|Any CPU
		{ABEBEAF9-C294-4158-B600-955CB89EDE29}.Release|Any CPU.Build.0 = Release|Any CPU
		{0DEA1931-2B70-46FC-9CE9-9B2672CBAB4F}.Debug|Any CPU.ActiveCfg = Debug|Any CPU
		{0DEA1931-2B70-46FC-9CE9-9B2672CBAB4F}.Debug|Any CPU.Build.0 = Debug|Any CPU
		{0DEA1931-2B70-46FC-9CE9-9B2672CBAB4F}.Release|Any CPU.ActiveCfg = Release|Any CPU
		{0DEA1931-2B70-46FC-9CE9-9B2672CBAB4F}.Release|Any CPU.Build.0 = Release|Any CPU
		{251A29E4-A573-43E1-AE0A-C87E0D1B646C}.Debug|Any CPU.ActiveCfg = Debug|Any CPU
		{251A29E4-A573-43E1-AE0A-C87E0D1B646C}.Debug|Any CPU.Build.0 = Debug|Any CPU
		{251A29E4-A573-43E1-AE0A-C87E0D1B646C}.Release|Any CPU.ActiveCfg = Release|Any CPU
		{251A29E4-A573-43E1-AE0A-C87E0D1B646C}.Release|Any CPU.Build.0 = Release|Any CPU
	EndGlobalSection
	GlobalSection(SolutionProperties) = preSolution
		HideSolutionNode = FALSE
	EndGlobalSection
	GlobalSection(ExtensibilityGlobals) = postSolution
		SolutionGuid = {F709B037-A6E0-46C5-B8C7-381BA2BB634F}
	EndGlobalSection
EndGlobal
