
Microsoft Visual Studio Solution File, Format Version 12.00
# Visual Studio Version 17
VisualStudioVersion = 17.7.34024.191
MinimumVisualStudioVersion = 10.0.40219.1
Project("{9A19103F-16F7-4668-BE54-9A1E7A4F7556}") = "02_StaticAndInstanceClassMember", "02_StaticAndInstanceClassMemberExample\02_StaticAndInstanceClassMember.csproj", "{1CFCE90E-7DFC-4214-BFC7-D90A135FE9E5}"
EndProject
Project("{9A19103F-16F7-4668-BE54-9A1E7A4F7556}") = "01_IntroductionToClasses", "01_IntroductionToClasses\01_IntroductionToClasses.csproj", "{E57561E2-C852-4DD1-8E07-04AFFF8B1477}"
EndProject
Project("{9A19103F-16F7-4668-BE54-9A1E7A4F7556}") = "03_Inheritance", "03_Inheritance\03_Inheritance.csproj", "{5A91935C-1FED-466C-8A6B-FBBF1CAAD8E2}"
EndProject
Project("{FAE04EC0-301F-11D3-BF4B-00C04F79EFBC}") = "04_MethodHiding", "04_MethodHiding\04_MethodHiding.csproj", "{C2CEEC8A-0ED3-4F65-A409-57183277DC54}"
EndProject
Project("{FAE04EC0-301F-11D3-BF4B-00C04F79EFBC}") = "05_Polymorphism", "05_Polymorphism\05_Polymorphism.csproj", "{ECC567C5-1688-48A3-B3B5-E05F552F8F0E}"
EndProject
Project("{FAE04EC0-301F-11D3-BF4B-00C04F79EFBC}") = "06_Method_Overloading", "06_Method_Overloading\06_Method_Overloading.csproj", "{EF5D81AD-980C-47B5-85DB-AAD84A18A4CE}"
EndProject
Global
	GlobalSection(SolutionConfigurationPlatforms) = preSolution
		Debug|Any CPU = Debug|Any CPU
		Release|Any CPU = Release|Any CPU
	EndGlobalSection
	GlobalSection(ProjectConfigurationPlatforms) = postSolution
		{1CFCE90E-7DFC-4214-BFC7-D90A135FE9E5}.Debug|Any CPU.ActiveCfg = Debug|Any CPU
		{1CFCE90E-7DFC-4214-BFC7-D90A135FE9E5}.Debug|Any CPU.Build.0 = Debug|Any CPU
		{1CFCE90E-7DFC-4214-BFC7-D90A135FE9E5}.Release|Any CPU.ActiveCfg = Release|Any CPU
		{1CFCE90E-7DFC-4214-BFC7-D90A135FE9E5}.Release|Any CPU.Build.0 = Release|Any CPU
		{E57561E2-C852-4DD1-8E07-04AFFF8B1477}.Debug|Any CPU.ActiveCfg = Debug|Any CPU
		{E57561E2-C852-4DD1-8E07-04AFFF8B1477}.Debug|Any CPU.Build.0 = Debug|Any CPU
		{E57561E2-C852-4DD1-8E07-04AFFF8B1477}.Release|Any CPU.ActiveCfg = Release|Any CPU
		{E57561E2-C852-4DD1-8E07-04AFFF8B1477}.Release|Any CPU.Build.0 = Release|Any CPU
		{5A91935C-1FED-466C-8A6B-FBBF1CAAD8E2}.Debug|Any CPU.ActiveCfg = Debug|Any CPU
		{5A91935C-1FED-466C-8A6B-FBBF1CAAD8E2}.Debug|Any CPU.Build.0 = Debug|Any CPU
		{5A91935C-1FED-466C-8A6B-FBBF1CAAD8E2}.Release|Any CPU.ActiveCfg = Release|Any CPU
		{5A91935C-1FED-466C-8A6B-FBBF1CAAD8E2}.Release|Any CPU.Build.0 = Release|Any CPU
		{C2CEEC8A-0ED3-4F65-A409-57183277DC54}.Debug|Any CPU.ActiveCfg = Debug|Any CPU
		{C2CEEC8A-0ED3-4F65-A409-57183277DC54}.Debug|Any CPU.Build.0 = Debug|Any CPU
		{C2CEEC8A-0ED3-4F65-A409-57183277DC54}.Release|Any CPU.ActiveCfg = Release|Any CPU
		{C2CEEC8A-0ED3-4F65-A409-57183277DC54}.Release|Any CPU.Build.0 = Release|Any CPU
		{ECC567C5-1688-48A3-B3B5-E05F552F8F0E}.Debug|Any CPU.ActiveCfg = Debug|Any CPU
		{ECC567C5-1688-48A3-B3B5-E05F552F8F0E}.Debug|Any CPU.Build.0 = Debug|Any CPU
		{ECC567C5-1688-48A3-B3B5-E05F552F8F0E}.Release|Any CPU.ActiveCfg = Release|Any CPU
		{ECC567C5-1688-48A3-B3B5-E05F552F8F0E}.Release|Any CPU.Build.0 = Release|Any CPU
		{EF5D81AD-980C-47B5-85DB-AAD84A18A4CE}.Debug|Any CPU.ActiveCfg = Debug|Any CPU
		{EF5D81AD-980C-47B5-85DB-AAD84A18A4CE}.Debug|Any CPU.Build.0 = Debug|Any CPU
		{EF5D81AD-980C-47B5-85DB-AAD84A18A4CE}.Release|Any CPU.ActiveCfg = Release|Any CPU
		{EF5D81AD-980C-47B5-85DB-AAD84A18A4CE}.Release|Any CPU.Build.0 = Release|Any CPU
	EndGlobalSection
	GlobalSection(SolutionProperties) = preSolution
		HideSolutionNode = FALSE
	EndGlobalSection
	GlobalSection(ExtensibilityGlobals) = postSolution
		SolutionGuid = {F709B037-A6E0-46C5-B8C7-381BA2BB634F}
	EndGlobalSection
EndGlobal
