
Microsoft Visual Studio Solution File, Format Version 12.00
# Visual Studio Version 17
VisualStudioVersion = 17.10.35013.160
MinimumVisualStudioVersion = 10.0.40219.1
Project("{2150E333-8FDC-42A3-9474-1A3956D46DE8}") = "Udemy", "Udemy", "{BDFEDE02-F247-42F8-953B-58C6DF77F87B}"
EndProject
Project("{2150E333-8FDC-42A3-9474-1A3956D46DE8}") = "SOLID", "SOLID", "{551DDD57-AB40-4FFE-8A8E-746AD505EC0E}"
EndProject
Project("{9A19103F-16F7-4668-BE54-9A1E7A4F7556}") = "1_Single_Responsibility_Principle", "Single_Responsibility_Principle\1_Single_Responsibility_Principle.csproj", "{8F3FEB3B-C633-4EB7-BCEF-3F151FA3D9A7}"
EndProject
Project("{9A19103F-16F7-4668-BE54-9A1E7A4F7556}") = "2_Open_Closed_Principle", "Open_Closed_Principle\2_Open_Closed_Principle.csproj", "{727B3BD2-94E1-473C-95B7-592223818B20}"
EndProject
Project("{9A19103F-16F7-4668-BE54-9A1E7A4F7556}") = "3_Liskov_Subtitution_Principle - BAD EXAMPLE", "3_Liskov_Subtitution_Principle\3_Liskov_Subtitution_Principle - BAD EXAMPLE.csproj", "{E00B350F-F8F2-481F-A827-6686EE65A325}"
EndProject
Project("{9A19103F-16F7-4668-BE54-9A1E7A4F7556}") = "3_Liskov_Subtitution_Principle - GOOD EXAMPLE", "3_Liskov_Subtitution_Principle - GOOD EXAMPLE\3_Liskov_Subtitution_Principle - GOOD EXAMPLE.csproj", "{49E9EE5D-1630-4DD7-A470-BEE6765E6C72}"
EndProject
Project("{9A19103F-16F7-4668-BE54-9A1E7A4F7556}") = "4_Interface_Segregation_Principle", "4_Interface_Segregation_Principle\4_Interface_Segregation_Principle.csproj", "{25C6945E-12BB-4F3F-AF50-4FCCE6DA2368}"
EndProject
Project("{9A19103F-16F7-4668-BE54-9A1E7A4F7556}") = "5_Dependency_Inversion_Principle - GOOD EXAMPLE", "5_Dependency_Inversion_Principle\5_Dependency_Inversion_Principle - GOOD EXAMPLE.csproj", "{0623CE5C-D017-484D-8F38-8AE7B94412DD}"
EndProject
Project("{9A19103F-16F7-4668-BE54-9A1E7A4F7556}") = "5_Dependency_Inversion_Principle - BAD EXAMPLE", "5_Dependency_Inversion_Principle - BAD EXAMPLE\5_Dependency_Inversion_Principle - BAD EXAMPLE.csproj", "{E3FDCAE2-639A-4964-99B0-B822AB0DB464}"
EndProject
Project("{2150E333-8FDC-42A3-9474-1A3956D46DE8}") = "DesignPatterns", "DesignPatterns", "{BB139DE6-7B07-407D-AB09-3B4837953EA8}"
EndProject
Project("{2150E333-8FDC-42A3-9474-1A3956D46DE8}") = "Builder", "Builder", "{F505BCCA-2FA5-4D05-A80A-AC81191CE18F}"
EndProject
Project("{9A19103F-16F7-4668-BE54-9A1E7A4F7556}") = "Builder", "Builder\Builder.csproj", "{06728A08-B1D7-485C-8565-C6E0ABBAFAEC}"
EndProject
Project("{FAE04EC0-301F-11D3-BF4B-00C04F79EFBC}") = "BuilderInheritanceWithRecursive", "BuilderInheritanceWithRecursive\BuilderInheritanceWithRecursive.csproj", "{487195BC-5BDD-4264-A0F2-88610FD5D880}"
EndProject
Global
	GlobalSection(SolutionConfigurationPlatforms) = preSolution
		Debug|Any CPU = Debug|Any CPU
		Release|Any CPU = Release|Any CPU
	EndGlobalSection
	GlobalSection(ProjectConfigurationPlatforms) = postSolution
		{8F3FEB3B-C633-4EB7-BCEF-3F151FA3D9A7}.Debug|Any CPU.ActiveCfg = Debug|Any CPU
		{8F3FEB3B-C633-4EB7-BCEF-3F151FA3D9A7}.Debug|Any CPU.Build.0 = Debug|Any CPU
		{8F3FEB3B-C633-4EB7-BCEF-3F151FA3D9A7}.Release|Any CPU.ActiveCfg = Release|Any CPU
		{8F3FEB3B-C633-4EB7-BCEF-3F151FA3D9A7}.Release|Any CPU.Build.0 = Release|Any CPU
		{727B3BD2-94E1-473C-95B7-592223818B20}.Debug|Any CPU.ActiveCfg = Debug|Any CPU
		{727B3BD2-94E1-473C-95B7-592223818B20}.Debug|Any CPU.Build.0 = Debug|Any CPU
		{727B3BD2-94E1-473C-95B7-592223818B20}.Release|Any CPU.ActiveCfg = Release|Any CPU
		{727B3BD2-94E1-473C-95B7-592223818B20}.Release|Any CPU.Build.0 = Release|Any CPU
		{E00B350F-F8F2-481F-A827-6686EE65A325}.Debug|Any CPU.ActiveCfg = Debug|Any CPU
		{E00B350F-F8F2-481F-A827-6686EE65A325}.Debug|Any CPU.Build.0 = Debug|Any CPU
		{E00B350F-F8F2-481F-A827-6686EE65A325}.Release|Any CPU.ActiveCfg = Release|Any CPU
		{E00B350F-F8F2-481F-A827-6686EE65A325}.Release|Any CPU.Build.0 = Release|Any CPU
		{49E9EE5D-1630-4DD7-A470-BEE6765E6C72}.Debug|Any CPU.ActiveCfg = Debug|Any CPU
		{49E9EE5D-1630-4DD7-A470-BEE6765E6C72}.Debug|Any CPU.Build.0 = Debug|Any CPU
		{49E9EE5D-1630-4DD7-A470-BEE6765E6C72}.Release|Any CPU.ActiveCfg = Release|Any CPU
		{49E9EE5D-1630-4DD7-A470-BEE6765E6C72}.Release|Any CPU.Build.0 = Release|Any CPU
		{25C6945E-12BB-4F3F-AF50-4FCCE6DA2368}.Debug|Any CPU.ActiveCfg = Debug|Any CPU
		{25C6945E-12BB-4F3F-AF50-4FCCE6DA2368}.Debug|Any CPU.Build.0 = Debug|Any CPU
		{25C6945E-12BB-4F3F-AF50-4FCCE6DA2368}.Release|Any CPU.ActiveCfg = Release|Any CPU
		{25C6945E-12BB-4F3F-AF50-4FCCE6DA2368}.Release|Any CPU.Build.0 = Release|Any CPU
		{0623CE5C-D017-484D-8F38-8AE7B94412DD}.Debug|Any CPU.ActiveCfg = Debug|Any CPU
		{0623CE5C-D017-484D-8F38-8AE7B94412DD}.Debug|Any CPU.Build.0 = Debug|Any CPU
		{0623CE5C-D017-484D-8F38-8AE7B94412DD}.Release|Any CPU.ActiveCfg = Release|Any CPU
		{0623CE5C-D017-484D-8F38-8AE7B94412DD}.Release|Any CPU.Build.0 = Release|Any CPU
		{E3FDCAE2-639A-4964-99B0-B822AB0DB464}.Debug|Any CPU.ActiveCfg = Debug|Any CPU
		{E3FDCAE2-639A-4964-99B0-B822AB0DB464}.Debug|Any CPU.Build.0 = Debug|Any CPU
		{E3FDCAE2-639A-4964-99B0-B822AB0DB464}.Release|Any CPU.ActiveCfg = Release|Any CPU
		{E3FDCAE2-639A-4964-99B0-B822AB0DB464}.Release|Any CPU.Build.0 = Release|Any CPU
		{06728A08-B1D7-485C-8565-C6E0ABBAFAEC}.Debug|Any CPU.ActiveCfg = Debug|Any CPU
		{06728A08-B1D7-485C-8565-C6E0ABBAFAEC}.Debug|Any CPU.Build.0 = Debug|Any CPU
		{06728A08-B1D7-485C-8565-C6E0ABBAFAEC}.Release|Any CPU.ActiveCfg = Release|Any CPU
		{06728A08-B1D7-485C-8565-C6E0ABBAFAEC}.Release|Any CPU.Build.0 = Release|Any CPU
		{487195BC-5BDD-4264-A0F2-88610FD5D880}.Debug|Any CPU.ActiveCfg = Debug|Any CPU
		{487195BC-5BDD-4264-A0F2-88610FD5D880}.Debug|Any CPU.Build.0 = Debug|Any CPU
		{487195BC-5BDD-4264-A0F2-88610FD5D880}.Release|Any CPU.ActiveCfg = Release|Any CPU
		{487195BC-5BDD-4264-A0F2-88610FD5D880}.Release|Any CPU.Build.0 = Release|Any CPU
	EndGlobalSection
	GlobalSection(SolutionProperties) = preSolution
		HideSolutionNode = FALSE
	EndGlobalSection
	GlobalSection(NestedProjects) = preSolution
		{551DDD57-AB40-4FFE-8A8E-746AD505EC0E} = {BDFEDE02-F247-42F8-953B-58C6DF77F87B}
		{8F3FEB3B-C633-4EB7-BCEF-3F151FA3D9A7} = {551DDD57-AB40-4FFE-8A8E-746AD505EC0E}
		{727B3BD2-94E1-473C-95B7-592223818B20} = {551DDD57-AB40-4FFE-8A8E-746AD505EC0E}
		{E00B350F-F8F2-481F-A827-6686EE65A325} = {551DDD57-AB40-4FFE-8A8E-746AD505EC0E}
		{49E9EE5D-1630-4DD7-A470-BEE6765E6C72} = {551DDD57-AB40-4FFE-8A8E-746AD505EC0E}
		{25C6945E-12BB-4F3F-AF50-4FCCE6DA2368} = {551DDD57-AB40-4FFE-8A8E-746AD505EC0E}
		{0623CE5C-D017-484D-8F38-8AE7B94412DD} = {551DDD57-AB40-4FFE-8A8E-746AD505EC0E}
		{E3FDCAE2-639A-4964-99B0-B822AB0DB464} = {551DDD57-AB40-4FFE-8A8E-746AD505EC0E}
		{BB139DE6-7B07-407D-AB09-3B4837953EA8} = {BDFEDE02-F247-42F8-953B-58C6DF77F87B}
		{F505BCCA-2FA5-4D05-A80A-AC81191CE18F} = {BB139DE6-7B07-407D-AB09-3B4837953EA8}
		{06728A08-B1D7-485C-8565-C6E0ABBAFAEC} = {F505BCCA-2FA5-4D05-A80A-AC81191CE18F}
		{487195BC-5BDD-4264-A0F2-88610FD5D880} = {F505BCCA-2FA5-4D05-A80A-AC81191CE18F}
	EndGlobalSection
	GlobalSection(ExtensibilityGlobals) = postSolution
		SolutionGuid = {3EC996B3-1C5F-4145-AD62-58C92790E16C}
	EndGlobalSection
EndGlobal
